{
  "version": 4,
  "terraform_version": "1.2.5",
  "serial": 1,
  "lineage": "d9f18fc1-e832-ed0c-8e8c-fcdd30c5d0d5",
  "outputs": {},
  "resources": [
    {
      "mode": "managed",
      "type": "github_repository",
      "name": "example",
      "provider": "provider[\"registry.terraform.io/integrations/github\"]",
      "instances": [
        {
          "schema_version": 0,
          "attributes": {
            "allow_auto_merge": false,
            "allow_merge_commit": true,
            "allow_rebase_merge": true,
            "allow_squash_merge": true,
            "archive_on_destroy": null,
            "archived": false,
            "auto_init": null,
            "branches": [],
            "default_branch": "main",
            "delete_branch_on_merge": false,
            "description": "",
            "etag": "W/\"c67d429f893c39694423d4669650d863c270f60334a9ffe4cfa87ab768c42351\"",
            "full_name": "vikal1992/terraform_repository2",
            "git_clone_url": "git://github.com/vikal1992/terraform_repository2.git",
            "gitignore_template": null,
            "has_downloads": false,
            "has_issues": false,
            "has_projects": false,
            "has_wiki": false,
            "homepage_url": "",
            "html_url": "https://github.com/vikal1992/terraform_repository2",
            "http_clone_url": "https://github.com/vikal1992/terraform_repository2.git",
            "id": "terraform_repository2",
            "ignore_vulnerability_alerts_during_read": null,
            "is_template": false,
            "license_template": null,
            "name": "terraform_repository2",
            "node_id": "R_kgDOHtLwaQ",
            "pages": [],
            "private": true,
            "repo_id": 517140585,
            "ssh_clone_url": "git@github.com:vikal1992/terraform_repository2.git",
            "svn_url": "https://github.com/vikal1992/terraform_repository2",
            "template": [],
            "topics": null,
            "visibility": "private",
            "vulnerability_alerts": false
          },
          "sensitive_attributes": [],
          "private": "bnVsbA=="
        }
      ]
    }
  ]
}
